# This file is generated by running "yarn install" inside your project.
# Manual changes might be lost - proceed with caution!

__metadata:
  version: 4
  cacheKey: 7

"@octokit/auth-token@npm:^2.4.4":
  version: 2.4.5
  resolution: "@octokit/auth-token@npm:2.4.5"
  dependencies:
    "@octokit/types": ^6.0.3
  checksum: 4cd8ef3bc0b10b54c6547adfd33caefc59982d9948e1f2aaa5e7ae3909a5446f08f5db055932976fe7070005d5db4f5c82b0ae0288a25d410d4998eaa42f5edc
  languageName: node
  linkType: hard

"@octokit/core@npm:^3.2.3":
  version: 3.2.5
  resolution: "@octokit/core@npm:3.2.5"
  dependencies:
    "@octokit/auth-token": ^2.4.4
    "@octokit/graphql": ^4.5.8
    "@octokit/request": ^5.4.12
    "@octokit/types": ^6.0.3
    before-after-hook: ^2.1.0
    universal-user-agent: ^6.0.0
  checksum: 509d224696a48c92b6182bcc03c0d7d4ba26eac30598300323411d2f8037de427930311244f1b9c446fc9916545db28b17d0812c1af5cf616fc5d2249416855e
  languageName: node
  linkType: hard

"@octokit/endpoint@npm:^6.0.1":
  version: 6.0.11
  resolution: "@octokit/endpoint@npm:6.0.11"
  dependencies:
    "@octokit/types": ^6.0.3
    is-plain-object: ^5.0.0
    universal-user-agent: ^6.0.0
  checksum: b2b0f6bb1d10490985dd3070c4fabc7eb7068dabb9242d6009e9be16795a9f0635c6e177a1eb93816efad27f926c0fa9e8ad839b09bcd59f8fb61ebd76d00b0e
  languageName: node
  linkType: hard

"@octokit/graphql@npm:^4.5.8":
  version: 4.6.0
  resolution: "@octokit/graphql@npm:4.6.0"
  dependencies:
    "@octokit/request": ^5.3.0
    "@octokit/types": ^6.0.3
    universal-user-agent: ^6.0.0
  checksum: fc5d1b059301271f09caffb35610d1134491bd3572a1ecda530b90281167d9dd863553dd7a663e549af44ab5889d002655e702284eb70e4cd1cfd0e3f4465720
  languageName: node
  linkType: hard

"@octokit/openapi-types@npm:^5.1.0":
  version: 5.1.0
  resolution: "@octokit/openapi-types@npm:5.1.0"
  checksum: 02624022d7856e19ddc013219dc348b2ba9cb9be7241d8ae3dfe501310192ba7e794b4ed4524a8b4c7bee3581133eef793ca4423cb3b57bc3091557f239c19be
  languageName: node
  linkType: hard

"@octokit/openapi-types@npm:^5.3.2":
  version: 5.3.2
  resolution: "@octokit/openapi-types@npm:5.3.2"
  checksum: 5c5f2f2f6ea26192072b408b3e5ce8087d4eb256addda5ebcd2e58a0a94af49e135482c0e15768ee2998c329ed178d8f491b5d229bb2f283dede2389b0bb20c9
  languageName: node
  linkType: hard

"@octokit/plugin-paginate-rest@npm:^2.6.2":
  version: 2.10.0
  resolution: "@octokit/plugin-paginate-rest@npm:2.10.0"
  dependencies:
    "@octokit/types": ^6.10.0
  peerDependencies:
    "@octokit/core": ">=2"
  checksum: 5af3fee3ce68dc678901048c0423692c4ee93901fdbca2f2cfe70697c6c469e36705d4939a0e7e2215ebcc421447b9d25d588a4b6933e1e66b4eb00d597ff400
  languageName: node
  linkType: hard

"@octokit/plugin-request-log@npm:^1.0.2":
  version: 1.0.3
  resolution: "@octokit/plugin-request-log@npm:1.0.3"
  peerDependencies:
    "@octokit/core": ">=3"
  checksum: f858361b36046c9b59a98898db3ae07e07fb1ca314c64155b8ccae306f01aa702216cbb74586e84c5c1ddcbc49bdf1d9819301f3acd5c7bc60057bb424cd3eb8
  languageName: node
  linkType: hard

"@octokit/plugin-rest-endpoint-methods@npm:4.13.5":
  version: 4.13.5
  resolution: "@octokit/plugin-rest-endpoint-methods@npm:4.13.5"
  dependencies:
    "@octokit/types": ^6.12.2
    deprecation: ^2.3.1
  peerDependencies:
    "@octokit/core": ">=3"
  checksum: 0c758acd10bb11da239a4f16c8d51b17623a170627064649e5a0a70e982549e0ef1268a2db0cf7d98c2122046648c9eff93296859301deaf82d198b0ab07ea3f
  languageName: node
  linkType: hard

"@octokit/request-error@npm:^2.0.0":
  version: 2.0.5
  resolution: "@octokit/request-error@npm:2.0.5"
  dependencies:
    "@octokit/types": ^6.0.3
    deprecation: ^2.0.0
    once: ^1.4.0
  checksum: 0d3a3103a55188ddc533100de5654928610ee44a83a5043ca94374d10cce2e9c2069b4d9fba9384a8f12ad5c9770d58dccd6292f65b3f0403726e1de9fd849c1
  languageName: node
  linkType: hard

"@octokit/request@npm:^5.3.0, @octokit/request@npm:^5.4.12":
  version: 5.4.14
  resolution: "@octokit/request@npm:5.4.14"
  dependencies:
    "@octokit/endpoint": ^6.0.1
    "@octokit/request-error": ^2.0.0
    "@octokit/types": ^6.7.1
    deprecation: ^2.0.0
    is-plain-object: ^5.0.0
    node-fetch: ^2.6.1
    once: ^1.4.0
    universal-user-agent: ^6.0.0
  checksum: 06aa040100ec9e26f19df2e98a3495b075dd2fee02e02137d036e3202cab2d840e4455a852995c3df964bf2911cc969d5479020a65c48e63b96e5fa4b7a3115a
  languageName: node
  linkType: hard

"@octokit/rest@npm:^18.3.5":
  version: 18.3.5
  resolution: "@octokit/rest@npm:18.3.5"
  dependencies:
    "@octokit/core": ^3.2.3
    "@octokit/plugin-paginate-rest": ^2.6.2
    "@octokit/plugin-request-log": ^1.0.2
    "@octokit/plugin-rest-endpoint-methods": 4.13.5
  checksum: 833b054c222524cd144b999d4c631f8a4457f5835c2e8aae7da663717d76e46265211ceaec73deb50149a07dd5deb25fadd148a04f830d91491268f2288b69c3
  languageName: node
  linkType: hard

"@octokit/types@npm:^6.0.3, @octokit/types@npm:^6.10.0, @octokit/types@npm:^6.7.1":
  version: 6.10.0
  resolution: "@octokit/types@npm:6.10.0"
  dependencies:
    "@octokit/openapi-types": ^5.1.0
  checksum: ba93f4f721ee73264feee1ec347d5a7eb76a81857c04a8d0dbd9f48b1eca0d892bb59dc623f14e38ada04539c461b2b5b628d6d6bb36348d89f78eb4ae672dab
  languageName: node
  linkType: hard

"@octokit/types@npm:^6.12.2":
  version: 6.12.2
  resolution: "@octokit/types@npm:6.12.2"
  dependencies:
    "@octokit/openapi-types": ^5.3.2
  checksum: d96bb9fae7f71c849f952432ffbcecc5ce2d00c18044bfb8d993625b9c9852ad6a672f2c144ab198f4e6a3618c744bdc833158b7c02e810659b006736ab73ed5
  languageName: node
  linkType: hard

"@types/bluebird@npm:^3.5.33":
  version: 3.5.33
  resolution: "@types/bluebird@npm:3.5.33"
  checksum: 45f7adeec6e656501f5b2127d5cc1538d3ae497d06bfa00d8d7f51eb2aa482267b3b4868ac1c75fc84acfad86d2c0d4de8af535cf725156f222d679df9694aff
  languageName: node
  linkType: hard

"@types/glob@npm:*":
  version: 7.1.3
  resolution: "@types/glob@npm:7.1.3"
  dependencies:
    "@types/minimatch": "*"
    "@types/node": "*"
  checksum: 633bf1dda9a30899b233ed6b97c75cdd59f2ee856a12240c85474ce6889e26b3b3520b62de56f6bb61824af0ef51b311a0cae305f27ba0de8ddc4898a3673d42
  languageName: node
  linkType: hard

"@types/minimatch@npm:*":
  version: 3.0.3
  resolution: "@types/minimatch@npm:3.0.3"
  checksum: 672ccdac197e8176eed1a9441d0caf8a29a90eb139b1cefdd4c9e71b1c48f5c749f5d101a2d85da15c6259214ebda95072835021407d60330a731a2672964b82
  languageName: node
  linkType: hard

"@types/node@npm:*":
  version: 14.14.31
  resolution: "@types/node@npm:14.14.31"
  checksum: 635dc8a0898a923621e02ca179e17baa39fdfa44f0096fcc1b7046c9b32317e74a99956a7b45ca0e8069874f51f4e7873a418239a318a4b6e7936f6510ac5992
  languageName: node
  linkType: hard

"@types/node@npm:^14.14.35":
  version: 14.14.35
  resolution: "@types/node@npm:14.14.35"
  checksum: 0f6320bf5370d1ff82105fb7f26aa0658499c97d3ec78561e65b65724280244f281602541182b63470d2c8a98db22fbb4f91409c5c7c97da8c3bb8f97fbc5dbc
  languageName: node
  linkType: hard

"@types/shelljs@npm:^0.8.8":
  version: 0.8.8
  resolution: "@types/shelljs@npm:0.8.8"
  dependencies:
    "@types/glob": "*"
    "@types/node": "*"
  checksum: faf9d4aa31e83c46d5451221e614b437b11bfc289208d6016aab7181af284cef38d7a009a16fa73abe9bc578e0f206d7032023f9282edc7f6601c62c4a6c26ed
  languageName: node
  linkType: hard

"@vercel/node@npm:^1.9.1":
  version: 1.9.1
  resolution: "@vercel/node@npm:1.9.1"
  dependencies:
    "@types/node": "*"
    ts-node: 8.9.1
    typescript: 3.9.3
  checksum: 4daae2b5ee95ba083372b2f1f40e49c55d267b2b0b1cf0b86a16f218728cc50b1b0554e7747d951bbf220b4a47d606c9ccc4e9d5a007ceb61346eada5ef4f85c
  languageName: node
  linkType: hard

"arg@npm:^4.1.0":
  version: 4.1.3
  resolution: "arg@npm:4.1.3"
  checksum: 81b3b40b1529c4fbf75b12f7c3e6fb2dcce9e78072063babc169de9b4f40777788f3d2b04380f659ef676a756e03ccfbfe78adf4477353bda906295fa69dab89
  languageName: node
  linkType: hard

"balanced-match@npm:^1.0.0":
  version: 1.0.0
  resolution: "balanced-match@npm:1.0.0"
  checksum: f515a605fe1b59f476f7477c5e1d53ad55b4f42982fca1d57b6701906f4ad1f1ac90fd6587d92cc1af2edb43eecf979214dd847ee410a6de9db4ebf0dd128d62
  languageName: node
  linkType: hard

"before-after-hook@npm:^2.1.0":
  version: 2.1.1
  resolution: "before-after-hook@npm:2.1.1"
  checksum: 07b84cf850593a22e8d333e2ff3fe9af8d6f6cb661b2a81a88fcd25afc8360413f513d5b7d76dfe877f8d5fe3fa8f8c533d26961955b335b4977ba73692b32e5
  languageName: node
  linkType: hard

"blitzjs.com-translation@workspace:.":
  version: 0.0.0-use.local
  resolution: "blitzjs.com-translation@workspace:."
  dependencies:
    "@octokit/rest": ^18.3.5
    "@types/bluebird": ^3.5.33
    "@types/node": ^14.14.35
    "@types/shelljs": ^0.8.8
    "@vercel/node": ^1.9.1
    bluebird: ^3.7.2
    date-fns: ^2.19.0
    dotenv: ^8.2.0
    log4js: ^6.3.0
    shelljs: ^0.8.4
    typescript: ^4.2.3
    zod: ^3.0.0-alpha.30
  languageName: unknown
  linkType: soft

"bluebird@npm:^3.7.2":
  version: 3.7.2
  resolution: "bluebird@npm:3.7.2"
  checksum: 4f2288662f3d4eadbb82d4daa4a7d7976a28fa3c7eb4102c9b4033b03e5be4574ba123ac52a7c103cde4cb7b2d2afc1dbe41817ca15a29ff21ecd258d0286047
  languageName: node
  linkType: hard

"brace-expansion@npm:^1.1.7":
  version: 1.1.11
  resolution: "brace-expansion@npm:1.1.11"
  dependencies:
    balanced-match: ^1.0.0
    concat-map: 0.0.1
  checksum: 4c878e25e4858baf801945dfd63eb68feab2e502cf1122f25f3915c0e3bf397af3a93ff6bef0798db41c0d81ef28c08e55daac38058710f749a3b96eee6b8f40
  languageName: node
  linkType: hard

"buffer-from@npm:^1.0.0":
  version: 1.1.1
  resolution: "buffer-from@npm:1.1.1"
  checksum: 540ceb79c4f5bfcadaabbc18324fa84c50dc52905084be7c03596a339cf5a88513bee6831ce9b36ddd046fab09257a7c80686e129d0559a0cfd141da196ad956
  languageName: node
  linkType: hard

"concat-map@npm:0.0.1":
  version: 0.0.1
  resolution: "concat-map@npm:0.0.1"
  checksum: 554e28d9ee5aa6e061795473ee092cb3d3a2cbdb76c35416e0bb6e03f136d7d07676da387b2ed0ec4106cedbb6534080d9abc48ecc4a92b76406cf2d0c3c0c4b
  languageName: node
  linkType: hard

"date-fns@npm:^2.19.0":
  version: 2.19.0
  resolution: "date-fns@npm:2.19.0"
  checksum: 99ec34199c3a61cdb7fd27dcd68dd3c0c949ddfc34aa1daba9a6b2e0b5381bf42d8955d28ec2770f72eee429f5e7ab10fadba7b69108379d2545f003461d04f7
  languageName: node
  linkType: hard

"date-format@npm:^2.1.0":
  version: 2.1.0
  resolution: "date-format@npm:2.1.0"
  checksum: c642edf1a1a7923f1ca5bb1a11617aa04bf660477a52911096c598c702f7d603a99a6eaa5289cd54a833b0ea4c418cbc208ffbc17da24c73f6ae38e07e6025c6
  languageName: node
  linkType: hard

"date-format@npm:^3.0.0":
  version: 3.0.0
  resolution: "date-format@npm:3.0.0"
  checksum: 42fc691af56bd78c1881e3f2d1f64d02f9b821fe3d927e4d559a75c8b67f22492e471372e2b37514451bbf37b705f0b130ef5aa07cb1e9d2ebaf11ccc0fa295f
  languageName: node
  linkType: hard

"debug@npm:^4.1.1":
  version: 4.3.1
  resolution: "debug@npm:4.3.1"
  dependencies:
    ms: 2.1.2
  peerDependenciesMeta:
    supports-color:
      optional: true
  checksum: 0d41ba5177510e8b388dfd7df143ab0f9312e4abdaba312595461511dac88e9ef8101939d33b4e6d37e10341af6a5301082e4d7d6f3deb4d57bc05fc7d296fad
  languageName: node
  linkType: hard

"deprecation@npm:^2.0.0, deprecation@npm:^2.3.1":
  version: 2.3.1
  resolution: "deprecation@npm:2.3.1"
  checksum: 59343a0b927c5b6f67abb899fda68bf42b132c05ef1a985952c1e220c41fe5035b2d54a28c7c2a8b5239075d1dc25c83340242ada75f1c06c1bb047176f05f9b
  languageName: node
  linkType: hard

"diff@npm:^4.0.1":
  version: 4.0.2
  resolution: "diff@npm:4.0.2"
  checksum: 81b5cd7ddde6f0ba2a532d434cfdca365aedd6cc62bb133e851e66e071d40382a30924a07c1034bd3d5a2e332146f64514b73c06fe2ebc0490a67f0c98da79fb
  languageName: node
  linkType: hard

"dotenv@npm:^8.2.0":
  version: 8.2.0
  resolution: "dotenv@npm:8.2.0"
  checksum: 16cb89cbd7b98b053899b8aba8c5044c8fb61a2db8a81fe70360b75035fce5fed53bd7a34d772be717d0880c0321122a4c09423f518025e1b52d96791521b1a7
  languageName: node
  linkType: hard

"flatted@npm:^2.0.1":
  version: 2.0.2
  resolution: "flatted@npm:2.0.2"
  checksum: a3e5fb71ad3c4f0661cd3899864812bcf3f64bdf6aa5f33f967c9c2a8a5f0c7219707e864c0602115fef40e093415f76a43e77afd0a86990904e2217ddb44eb4
  languageName: node
  linkType: hard

"fs-extra@npm:^8.1.0":
  version: 8.1.0
  resolution: "fs-extra@npm:8.1.0"
  dependencies:
    graceful-fs: ^4.2.0
    jsonfile: ^4.0.0
    universalify: ^0.1.0
  checksum: 056a96d4f55ab8728b021e251175a4a6440d1edb5845e6c2e8e010019bde3e63de188a0eb99386c21c71804ca1a571cd6e08f507971f10a2bc4f4f7667720fa4
  languageName: node
  linkType: hard

"fs.realpath@npm:^1.0.0":
  version: 1.0.0
  resolution: "fs.realpath@npm:1.0.0"
  checksum: 698a91b1695e3926185c9e5b0dd57cf687dceb4eb73799af91e6b2ab741735e2962c366c5af6403ffddae2619914193bd339efa706fdc984d0ffc74b7a3603f4
  languageName: node
  linkType: hard

"function-bind@npm:^1.1.1":
  version: 1.1.1
  resolution: "function-bind@npm:1.1.1"
  checksum: ffad86e7d2010ba179aaa6a3987d2cc0ed48fa92d27f1ed84bfa06d14f77deeed5bfbae7f00bdebc0c54218392cab2b18ecc080e2c72f592431927b87a27d42b
  languageName: node
  linkType: hard

"glob@npm:^7.0.0":
  version: 7.1.6
  resolution: "glob@npm:7.1.6"
  dependencies:
    fs.realpath: ^1.0.0
    inflight: ^1.0.4
    inherits: 2
    minimatch: ^3.0.4
    once: ^1.3.0
    path-is-absolute: ^1.0.0
  checksum: 789977b52432865bd63846da5c75a6efc2c56abdc0cb5ffcdb8e91eeb67a58fa5594c1195d18b2b4aff99675b0739ed6bd61024b26562e0cca18c8f993efdc82
  languageName: node
  linkType: hard

"graceful-fs@npm:^4.1.6, graceful-fs@npm:^4.2.0":
  version: 4.2.6
  resolution: "graceful-fs@npm:4.2.6"
  checksum: 84d39c7756892553da990a9db7e45f844b3309b37b5a00174cbb4748476f2250c54f24594d4d252f64f085c65c2fdac7c809419bf6d55f0e6e42eb07ac0f5bf2
  languageName: node
  linkType: hard

"has@npm:^1.0.3":
  version: 1.0.3
  resolution: "has@npm:1.0.3"
  dependencies:
    function-bind: ^1.1.1
  checksum: c686e15300d41364486c099a9259d9c418022c294244843dcd712c4c286ff839d4f23a25413baa28c4d2c1e828afc2aaab70f685400b391533980223c71fa1ca
  languageName: node
  linkType: hard

"inflight@npm:^1.0.4":
  version: 1.0.6
  resolution: "inflight@npm:1.0.6"
  dependencies:
    once: ^1.3.0
    wrappy: 1
  checksum: 17c53fc42cbe7f7f471d2bc41b97a0cde4b79a74d5ff59997d3f75210566fa278e17596da526d43de2bd07e222706240ce50e60097e54f2cde2e64cbbb372638
  languageName: node
  linkType: hard

"inherits@npm:2":
  version: 2.0.4
  resolution: "inherits@npm:2.0.4"
  checksum: 98426da247ddfc3dcd7d7daedd90c3ca32d5b08deca08949726f12d49232aef94772a07b36cf4ff833e105ae2ef931777f6de4a6dd8245a216b9299ad4a50bea
  languageName: node
  linkType: hard

"interpret@npm:^1.0.0":
  version: 1.4.0
  resolution: "interpret@npm:1.4.0"
  checksum: f15725d76206525546f559030ddc967db025c6db904eb8798a70ec3c07e42c5537c5cbc73a15eafd4ae5cdabad35601abf8878261c03dcc8217747e8037575fe
  languageName: node
  linkType: hard

"is-core-module@npm:^2.2.0":
  version: 2.2.0
  resolution: "is-core-module@npm:2.2.0"
  dependencies:
    has: ^1.0.3
  checksum: 2344744de98a3bc22e2bb30895f307d7889f09e963f9bcb1cc321788f508c8b463f75e0a9ca009eeeb8eb9465181b5c15f1ec9299a6bb6921cfbb2423892e0ba
  languageName: node
  linkType: hard

"is-plain-object@npm:^5.0.0":
  version: 5.0.0
  resolution: "is-plain-object@npm:5.0.0"
  checksum: 92bd87f095036fb6ef21fcba4e66734bba1457fc4abece5873bd1fba130c44fa8a4df64a2ef7841da638680af18e1ad2e5fac1095bed3578d0da0afc1f04bcf3
  languageName: node
  linkType: hard

"jsonfile@npm:^4.0.0":
  version: 4.0.0
  resolution: "jsonfile@npm:4.0.0"
  dependencies:
    graceful-fs: ^4.1.6
  dependenciesMeta:
    graceful-fs:
      optional: true
  checksum: a40b7b64da41c84b0dc7ad753737ba240bb0dc50a94be20ec0b73459707dede69a6f89eb44b4d29e6994ed93ddf8c9b6e57f6b1f09dd707567959880ad6cee7f
  languageName: node
  linkType: hard

"log4js@npm:^6.3.0":
  version: 6.3.0
  resolution: "log4js@npm:6.3.0"
  dependencies:
    date-format: ^3.0.0
    debug: ^4.1.1
    flatted: ^2.0.1
    rfdc: ^1.1.4
    streamroller: ^2.2.4
  checksum: 7296c3fc2db127d3773f01d0161884ea710c730e9cd87830110a92bd67e09d3752fe576df91647a0b23146425a7c20c3fef27a6650e2ce0b9403c6911f02b8a0
  languageName: node
  linkType: hard

"make-error@npm:^1.1.1":
  version: 1.3.6
  resolution: "make-error@npm:1.3.6"
  checksum: 2c780bab8409b865e8ee86697c599a2bf2765ec64d21eb67ccda27050e039f983feacad05a0d43aba3c966ea03d305d2612e94fec45474bcbc61181f57c5bb88
  languageName: node
  linkType: hard

"minimatch@npm:^3.0.4":
  version: 3.0.4
  resolution: "minimatch@npm:3.0.4"
  dependencies:
    brace-expansion: ^1.1.7
  checksum: 47eab9263962cacd5733e274ecad2d8e54b0f8e124ba35ae69189e296058f634a4967b87a98954f86fa5c830ff177caf827ce0136d28717ed3232951fb4fae62
  languageName: node
  linkType: hard

"ms@npm:2.1.2":
  version: 2.1.2
  resolution: "ms@npm:2.1.2"
  checksum: 9b65fb709bc30c0c07289dcbdb61ca032acbb9ea5698b55fa62e2cebb04c5953f1876a1f3f7f4bc2e91d4bf4d86003f3e207c3bc6ee2f716f99827e62389cd0e
  languageName: node
  linkType: hard

"node-fetch@npm:^2.6.1":
  version: 2.6.1
  resolution: "node-fetch@npm:2.6.1"
  checksum: cbb171635e538162b977eac5dfe7a1e07a9a02e991924377a6435502291e2f823d306b95aabc455caebf4a118ccf836868462bc70ccc3095af02bb9da61fda37
  languageName: node
  linkType: hard

"once@npm:^1.3.0, once@npm:^1.4.0":
  version: 1.4.0
  resolution: "once@npm:1.4.0"
  dependencies:
    wrappy: 1
  checksum: 57afc246536cf6494437f982b26475f22bee860f8b77ce8eb1543f42a8bffe04b2c66ddfea9a16cb25ccb80943f8ee4fc639367ef97b7a6a4f2672eb573963f5
  languageName: node
  linkType: hard

"path-is-absolute@npm:^1.0.0":
  version: 1.0.1
  resolution: "path-is-absolute@npm:1.0.1"
  checksum: 907e1e3e6ac0aef6e65adffd75b3892191d76a5b94c5cf26b43667c4240531d11872ca6979c209b2e5e1609f7f579d02f64ba9936b48bb59d36cc529f0d965ed
  languageName: node
  linkType: hard

"path-parse@npm:^1.0.6":
  version: 1.0.6
  resolution: "path-parse@npm:1.0.6"
  checksum: 2eee4b93fb3ae13600e3fca18390d9933bbbcf725a624f6b8df020d87515a74872ff6c58072190d6dc75a5584a683dc6ae5c385ad4e4f4efb6e66af040d56c67
  languageName: node
  linkType: hard

"rechoir@npm:^0.6.2":
  version: 0.6.2
  resolution: "rechoir@npm:0.6.2"
  dependencies:
    resolve: ^1.1.6
  checksum: 6646a6bce733282d182bf04816b15d4e2d63736b3453cf62a8568aaa1399621a73b3942315161f549e090f9a3c61bc09f4cb674f928c369a40037621e10295bd
  languageName: node
  linkType: hard

resolve@^1.1.6:
  version: 1.20.0
  resolution: "resolve@npm:1.20.0"
  dependencies:
    is-core-module: ^2.2.0
    path-parse: ^1.0.6
  checksum: 0f5206d454b30e74d9b2d575b5f8aedf443c4d8b90b84cdf79474ade29bb459075220da3127b682896872a16022ed65cc4db09e0f23849654144d3d75c65cd1b
  languageName: node
  linkType: hard

"resolve@patch:resolve@^1.1.6#builtin<compat/resolve>":
  version: 1.20.0
  resolution: "resolve@patch:resolve@npm%3A1.20.0#builtin<compat/resolve>::version=1.20.0&hash=3388aa"
  dependencies:
    is-core-module: ^2.2.0
    path-parse: ^1.0.6
  checksum: c4a515b76026806b5b26513fc7bdb80458c532bc91c02ef45ac928d1025585f93bec0b904be39c02131118a37ff7e3f9258f1526850b025d2ec0948bb5fd03d0
  languageName: node
  linkType: hard

"rfdc@npm:^1.1.4":
  version: 1.2.0
  resolution: "rfdc@npm:1.2.0"
  checksum: 8a5aa06df69ef14646156b83552efe418e21026953a76784fbcc466c92cc01c9a18d9253b698b4bfccfdf6e9486124a84134b4be4509814cec4461e4962107db
  languageName: node
  linkType: hard

"shelljs@npm:^0.8.4":
  version: 0.8.4
  resolution: "shelljs@npm:0.8.4"
  dependencies:
    glob: ^7.0.0
    interpret: ^1.0.0
    rechoir: ^0.6.2
  bin:
    shjs: bin/shjs
  checksum: bdf68e3c2a8a6d191dde3be2800bfcfd688c126344ccaf6cf7024cdaf824d0d3523b8e514cd52264f739cbabd2b0569637dd5a8183377347225af918e03ff5dc
  languageName: node
  linkType: hard

"source-map-support@npm:^0.5.17":
  version: 0.5.19
  resolution: "source-map-support@npm:0.5.19"
  dependencies:
    buffer-from: ^1.0.0
    source-map: ^0.6.0
  checksum: 59d4efaae97755155b078413ecba63517e3ef054cc7ab767bbd30e6f3054be2ae8e8f5cce7eef53b7eb93e98fe27a58dd8f5e7abfb13144ba420ddaf5267bbb2
  languageName: node
  linkType: hard

"source-map@npm:^0.6.0":
  version: 0.6.1
  resolution: "source-map@npm:0.6.1"
  checksum: 8647829a0611724114022be455ca1c8a2c8ae61df81c5b3667d9b398207226a1e21174fb7bbf0b4dbeb27ac358222afb5a14f1c74a62a62b8883b012e5eb1270
  languageName: node
  linkType: hard

"streamroller@npm:^2.2.4":
  version: 2.2.4
  resolution: "streamroller@npm:2.2.4"
  dependencies:
    date-format: ^2.1.0
    debug: ^4.1.1
    fs-extra: ^8.1.0
  checksum: 7a27e4a02cb9a2dfffd5488257df0ba9495655f2cd332089d4d44bda60d2c76936bde555f5e667b4950e3af8e65f07c818d76ffa046aaf5be85d7e1b24935ec9
  languageName: node
  linkType: hard

"ts-node@npm:8.9.1":
  version: 8.9.1
  resolution: "ts-node@npm:8.9.1"
  dependencies:
    arg: ^4.1.0
    diff: ^4.0.1
    make-error: ^1.1.1
    source-map-support: ^0.5.17
    yn: 3.1.1
  peerDependencies:
    typescript: ">=2.7"
  bin:
    ts-node: dist/bin.js
    ts-node-script: dist/bin-script.js
    ts-node-transpile-only: dist/bin-transpile.js
    ts-script: dist/bin-script-deprecated.js
  checksum: 8b365cd64448b6a7904f910d5d23d25ffc5a89a7dad9cfae9cf6c6cda464b08ecf10601aadc6db04155deecd9b64546745c614c3d4180d1d19ad85fdfb5f14d3
  languageName: node
  linkType: hard

typescript@3.9.3:
  version: 3.9.3
  resolution: "typescript@npm:3.9.3"
  bin:
    tsc: bin/tsc
    tsserver: bin/tsserver
  checksum: f05e6f1c50c635bd7afc95fbc9eb704042b5bec9a77b9c86ddc0c56650c928617d608b9ec9aa468d7b4cf14ac1ea5f540c540c725005a179b54a86665abd9a55
  languageName: node
  linkType: hard

typescript@^4.2.3:
  version: 4.2.3
  resolution: "typescript@npm:4.2.3"
  bin:
    tsc: bin/tsc
    tsserver: bin/tsserver
  checksum: 06e8470f317db6f5e2fce809b20eb84a67a7d8179057abff36e5427bd1b891bd08e54581ff81f0fa36aef9b6d1eb0f54eaf6e2643c6dbd4e37a0adcc41eed256
  languageName: node
  linkType: hard

"typescript@patch:typescript@3.9.3#builtin<compat/typescript>":
  version: 3.9.3
  resolution: "typescript@patch:typescript@npm%3A3.9.3#builtin<compat/typescript>::version=3.9.3&hash=a45b0e"
  bin:
    tsc: bin/tsc
    tsserver: bin/tsserver
  checksum: 54b2889e3dce3cdb00e652c207e0d85b4cecd902dae3c999c2f860634ec87029426121b9a7c2b83d89466eff42dc26b2a3cda033fa67b1723d6e00a0dc54ea4c
  languageName: node
  linkType: hard

"typescript@patch:typescript@^4.2.3#builtin<compat/typescript>":
  version: 4.2.3
  resolution: "typescript@patch:typescript@npm%3A4.2.3#builtin<compat/typescript>::version=4.2.3&hash=a45b0e"
  bin:
    tsc: bin/tsc
    tsserver: bin/tsserver
  checksum: a8956044aabf730699bcc3c2475efdd3f35e509329325cf60b4989761d4c2188e2c474183e2cf92b8c201fcf976814a5a16f144508b2a832643c4f972d0ab803
  languageName: node
  linkType: hard

"universal-user-agent@npm:^6.0.0":
  version: 6.0.0
  resolution: "universal-user-agent@npm:6.0.0"
  checksum: 725797ab636f1786a824f805eca2b227019ae8e82fdbe03e3e26a7f2917669bfcf7ef723c7d4b2c60a5e1603108d32bec3987b4f52821360523cb609fb7ae782
  languageName: node
  linkType: hard

"universalify@npm:^0.1.0":
  version: 0.1.2
  resolution: "universalify@npm:0.1.2"
  checksum: 420fc6547357782c700d53e9a92506a8e95345b13e97684c8f9ab75237912ec2ebb6af8ac10d4f7406b7b6bd21c58f6c5c0811414fb0b4091b78b4743fa6806e
  languageName: node
  linkType: hard

"wrappy@npm:1":
  version: 1.0.2
  resolution: "wrappy@npm:1.0.2"
  checksum: 519fcda0fcdf0c16327be2de9d98646742307bc830277e8868529fcf7566f2b330a6453c233e0cdcb767d5838dd61a90984a02ecc983bcddebea5ad0833bbf98
  languageName: node
  linkType: hard

"yn@npm:3.1.1":
  version: 3.1.1
  resolution: "yn@npm:3.1.1"
  checksum: bff63b80568d80c711670935427494dde47cdf97e8b04196b140ce0af519c81c5ee857eddad0caa8b422dd65aea0157bbfaacbb1546bebba623f0f383d5d9ae5
  languageName: node
  linkType: hard

"zod@npm:^3.0.0-alpha.30":
  version: 3.0.0-alpha.30
  resolution: "zod@npm:3.0.0-alpha.30"
  checksum: 1877eea4b9cdb6e9bfdf3428d8327919b496778017460b0ea5fff356d2bce24759b082107435904679d8dc7f6b8170520e4990f294d49432da6f47452b5795d7
  languageName: node
  linkType: hard
